{
  "nodes": {
    "fenix": {
      "inputs": {
        "nixpkgs": [
          "nixpkgs"
        ],
        "rust-analyzer-src": "rust-analyzer-src"
      },
      "locked": {
        "lastModified": 1660112944,
        "narHash": "sha256-6oRTsYGJXjFbcWz3H/1TJDbu2cYoXnYwK8NKfMQNuXU=",
        "owner": "nix-community",
        "repo": "fenix",
        "rev": "b952fad30060fb7a98613b30e3b4df0d160e492c",
        "type": "github"
      },
      "original": {
        "owner": "nix-community",
        "repo": "fenix",
        "type": "github"
      }
    },
    "flake-utils": {
      "locked": {
        "lastModified": 1659877975,
        "narHash": "sha256-zllb8aq3YO3h8B/U0/J1WBgAL8EX5yWf5pMj3G0NAmc=",
        "owner": "numtide",
        "repo": "flake-utils",
        "rev": "c0e246b9b83f637f4681389ecabcb2681b4f3af0",
        "type": "github"
      },
      "original": {
        "owner": "numtide",
        "repo": "flake-utils",
        "type": "github"
      }
    },
    "nixpkgs": {
      "locked": {
        "lastModified": 1660071133,
        "narHash": "sha256-XX6T9wcvEZIVWY4TO5O1d2MgFyFrF2v4TpCFs7fjdn8=",
        "owner": "NixOS",
        "repo": "nixpkgs",
        "rev": "36cc29d837e7232e3176e4651e8e117a6f231793",
        "type": "github"
      },
      "original": {
        "id": "nixpkgs",
        "ref": "nixos-unstable",
        "type": "indirect"
      }
    },
    "root": {
      "inputs": {
        "fenix": "fenix",
        "flake-utils": "flake-utils",
        "nixpkgs": "nixpkgs"
      }
    },
    "rust-analyzer-src": {
      "flake": false,
      "locked": {
        "lastModified": 1660078984,
        "narHash": "sha256-EOazwimkZv9fCQ2IwUnUwpykYj7XiILiO7OBzT20xR0=",
        "owner": "rust-lang",
        "repo": "rust-analyzer",
        "rev": "5366009fe47ab06e53b68811873448de52c5cd8f",
        "type": "github"
      },
      "original": {
        "owner": "rust-lang",
        "ref": "nightly",
        "repo": "rust-analyzer",
        "type": "github"
      }
    }
  },
  "root": "root",
  "version": 7
}
