%{
  "adbc": {:hex, :adbc, "0.2.2", "df764bea7f3cd6bf9b696a2379735fbe3a82e6557aa2dec235932de61ceff798", [:make, :mix], [{:castore, "~> 0.1 or ~> 1.0", [hex: :castore, repo: "hexpm", optional: false]}, {:cc_precompiler, "~> 0.1.8 or ~> 0.2", [hex: :cc_precompiler, repo: "hexpm", optional: false]}, {:dll_loader_helper_beam, "~> 1.0", [hex: :dll_loader_helper_beam, repo: "hexpm", optional: false]}, {:elixir_make, "~> 0.7.0", [hex: :elixir_make, repo: "hexpm", optional: false]}], "hexpm", "7c67bbbbbf7c8690d517000d4f922530b50423f8e456bfd5e6e69868dad6ae24"},
  "aws_signature": {:hex, :aws_signature, "0.3.1", "67f369094cbd55ffa2bbd8cc713ede14b195fcfb45c86665cd7c5ad010276148", [:rebar3], [], "hexpm", "50fc4dc1d1f7c2d0a8c63f455b3c66ecd74c1cf4c915c768a636f9227704a674"},
  "benchee": {:hex, :benchee, "1.3.0", "f64e3b64ad3563fa9838146ddefb2d2f94cf5b473bdfd63f5ca4d0657bf96694", [:mix], [{:deep_merge, "~> 1.0", [hex: :deep_merge, repo: "hexpm", optional: false]}, {:statistex, "~> 1.0", [hex: :statistex, repo: "hexpm", optional: false]}, {:table, "~> 0.1.0", [hex: :table, repo: "hexpm", optional: true]}], "hexpm", "34f4294068c11b2bd2ebf2c59aac9c7da26ffa0068afdf3419f1b176e16c5f81"},
  "bypass": {:hex, :bypass, "2.1.0", "909782781bf8e20ee86a9cabde36b259d44af8b9f38756173e8f5e2e1fabb9b1", [:mix], [{:plug, "~> 1.7", [hex: :plug, repo: "hexpm", optional: false]}, {:plug_cowboy, "~> 2.0", [hex: :plug_cowboy, repo: "hexpm", optional: false]}, {:ranch, "~> 1.3", [hex: :ranch, repo: "hexpm", optional: false]}], "hexpm", "d9b5df8fa5b7a6efa08384e9bbecfe4ce61c77d28a4282f79e02f1ef78d96b80"},
  "castore": {:hex, :castore, "1.0.5", "9eeebb394cc9a0f3ae56b813459f990abb0a3dedee1be6b27fdb50301930502f", [:mix], [], "hexpm", "8d7c597c3e4a64c395980882d4bca3cebb8d74197c590dc272cfd3b6a6310578"},
  "cc_precompiler": {:hex, :cc_precompiler, "0.1.9", "e8d3364f310da6ce6463c3dd20cf90ae7bbecbf6c5203b98bf9b48035592649b", [:mix], [{:elixir_make, "~> 0.7", [hex: :elixir_make, repo: "hexpm", optional: false]}], "hexpm", "9dcab3d0f3038621f1601f13539e7a9ee99843862e66ad62827b0c42b2f58a54"},
  "complex": {:hex, :complex, "0.5.0", "af2d2331ff6170b61bb738695e481b27a66780e18763e066ee2cd863d0b1dd92", [:mix], [], "hexpm", "2683bd3c184466cfb94fad74cbfddfaa94b860e27ad4ca1bffe3bff169d91ef1"},
  "cowboy": {:hex, :cowboy, "2.10.0", "ff9ffeff91dae4ae270dd975642997afe2a1179d94b1887863e43f681a203e26", [:make, :rebar3], [{:cowlib, "2.12.1", [hex: :cowlib, repo: "hexpm", optional: false]}, {:ranch, "1.8.0", [hex: :ranch, repo: "hexpm", optional: false]}], "hexpm", "3afdccb7183cc6f143cb14d3cf51fa00e53db9ec80cdcd525482f5e99bc41d6b"},
  "cowboy_telemetry": {:hex, :cowboy_telemetry, "0.4.0", "f239f68b588efa7707abce16a84d0d2acf3a0f50571f8bb7f56a15865aae820c", [:rebar3], [{:cowboy, "~> 2.7", [hex: :cowboy, repo: "hexpm", optional: false]}, {:telemetry, "~> 1.0", [hex: :telemetry, repo: "hexpm", optional: false]}], "hexpm", "7d98bac1ee4565d31b62d59f8823dfd8356a169e7fcbb83831b8a5397404c9de"},
  "cowlib": {:hex, :cowlib, "2.12.1", "a9fa9a625f1d2025fe6b462cb865881329b5caff8f1854d1cbc9f9533f00e1e1", [:make, :rebar3], [], "hexpm", "163b73f6367a7341b33c794c4e88e7dbfe6498ac42dcd69ef44c5bc5507c8db0"},
  "deep_merge": {:hex, :deep_merge, "1.0.0", "b4aa1a0d1acac393bdf38b2291af38cb1d4a52806cf7a4906f718e1feb5ee961", [:mix], [], "hexpm", "ce708e5f094b9cd4e8f2be4f00d2f4250c4095be93f8cd6d018c753894885430"},
  "dll_loader_helper": {:hex, :dll_loader_helper, "0.1.11", "f553988162a3e4a1f1fa31708922f812f8fe8b67fb6652b9532c2c1c846a68c8", [:make, :mix], [{:castore, ">= 0.0.0", [hex: :castore, repo: "hexpm", optional: false]}, {:cc_precompiler, "~> 0.1", [hex: :cc_precompiler, repo: "hexpm", optional: false]}], "hexpm", "51b3fbc32d8f76356367c68561051d3afc872b80f8c5b7bd566914878e7159b8"},
  "dll_loader_helper_beam": {:hex, :dll_loader_helper_beam, "1.2.0", "557c43befb8e3b119b718da302adccde3bd855acdb999498a14a2a8d2814b8b9", [:rebar3], [], "hexpm", "a2115d4bf1cca488a7b33f3c648847f64019b32c0382d10286d84dd5c3cbc0e5"},
  "earmark_parser": {:hex, :earmark_parser, "1.4.39", "424642f8335b05bb9eb611aa1564c148a8ee35c9c8a8bba6e129d51a3e3c6769", [:mix], [], "hexpm", "06553a88d1f1846da9ef066b87b57c6f605552cfbe40d20bd8d59cc6bde41944"},
  "elixir_make": {:hex, :elixir_make, "0.7.7", "7128c60c2476019ed978210c245badf08b03dbec4f24d05790ef791da11aa17c", [:mix], [{:castore, "~> 0.1 or ~> 1.0", [hex: :castore, repo: "hexpm", optional: true]}], "hexpm", "5bc19fff950fad52bbe5f211b12db9ec82c6b34a9647da0c2224b8b8464c7e6c"},
  "ex_doc": {:hex, :ex_doc, "0.31.0", "06eb1dfd787445d9cab9a45088405593dd3bb7fe99e097eaa71f37ba80c7a676", [:mix], [{:earmark_parser, "~> 1.4.39", [hex: :earmark_parser, repo: "hexpm", optional: false]}, {:makeup_c, ">= 0.1.1", [hex: :makeup_c, repo: "hexpm", optional: true]}, {:makeup_elixir, "~> 0.14", [hex: :makeup_elixir, repo: "hexpm", optional: false]}, {:makeup_erlang, "~> 0.1", [hex: :makeup_erlang, repo: "hexpm", optional: false]}], "hexpm", "5350cafa6b7f77bdd107aa2199fe277acf29d739aba5aee7e865fc680c62a110"},
  "fss": {:hex, :fss, "0.1.1", "9db2344dbbb5d555ce442ac7c2f82dd975b605b50d169314a20f08ed21e08642", [:mix], [], "hexpm", "78ad5955c7919c3764065b21144913df7515d52e228c09427a004afe9c1a16b0"},
  "jason": {:hex, :jason, "1.4.1", "af1504e35f629ddcdd6addb3513c3853991f694921b1b9368b0bd32beb9f1b63", [:mix], [{:decimal, "~> 1.0 or ~> 2.0", [hex: :decimal, repo: "hexpm", optional: true]}], "hexpm", "fbb01ecdfd565b56261302f7e1fcc27c4fb8f32d56eab74db621fc154604a7a1"},
  "makeup": {:hex, :makeup, "1.1.1", "fa0bc768698053b2b3869fa8a62616501ff9d11a562f3ce39580d60860c3a55e", [:mix], [{:nimble_parsec, "~> 1.2.2 or ~> 1.3", [hex: :nimble_parsec, repo: "hexpm", optional: false]}], "hexpm", "5dc62fbdd0de44de194898b6710692490be74baa02d9d108bc29f007783b0b48"},
  "makeup_elixir": {:hex, :makeup_elixir, "0.16.1", "cc9e3ca312f1cfeccc572b37a09980287e243648108384b97ff2b76e505c3555", [:mix], [{:makeup, "~> 1.0", [hex: :makeup, repo: "hexpm", optional: false]}, {:nimble_parsec, "~> 1.2.3 or ~> 1.3", [hex: :nimble_parsec, repo: "hexpm", optional: false]}], "hexpm", "e127a341ad1b209bd80f7bd1620a15693a9908ed780c3b763bccf7d200c767c6"},
  "makeup_erlang": {:hex, :makeup_erlang, "0.1.3", "d684f4bac8690e70b06eb52dad65d26de2eefa44cd19d64a8095e1417df7c8fd", [:mix], [{:makeup, "~> 1.0", [hex: :makeup, repo: "hexpm", optional: false]}], "hexpm", "b78dc853d2e670ff6390b605d807263bf606da3c82be37f9d7f68635bd886fc9"},
  "mime": {:hex, :mime, "2.0.5", "dc34c8efd439abe6ae0343edbb8556f4d63f178594894720607772a041b04b02", [:mix], [], "hexpm", "da0d64a365c45bc9935cc5c8a7fc5e49a0e0f9932a761c55d6c52b142780a05c"},
  "nimble_parsec": {:hex, :nimble_parsec, "1.4.0", "51f9b613ea62cfa97b25ccc2c1b4216e81df970acd8e16e8d1bdc58fef21370d", [:mix], [], "hexpm", "9c565862810fb383e9838c1dd2d7d2c437b3d13b267414ba6af33e50d2d1cf28"},
  "nx": {:hex, :nx, "0.6.4", "948d9f42f81e63fc901d243ac0a985c8bb87358be62e27826cfd67f58bc640af", [:mix], [{:complex, "~> 0.5", [hex: :complex, repo: "hexpm", optional: false]}, {:telemetry, "~> 0.4.0 or ~> 1.0", [hex: :telemetry, repo: "hexpm", optional: false]}], "hexpm", "bb9c2e2e3545b5eb4739d69046a988daaa212d127dba7d97801c291616aff6d6"},
  "plug": {:hex, :plug, "1.15.2", "94cf1fa375526f30ff8770837cb804798e0045fd97185f0bb9e5fcd858c792a3", [:mix], [{:mime, "~> 1.0 or ~> 2.0", [hex: :mime, repo: "hexpm", optional: false]}, {:plug_crypto, "~> 1.1.1 or ~> 1.2 or ~> 2.0", [hex: :plug_crypto, repo: "hexpm", optional: false]}, {:telemetry, "~> 0.4.3 or ~> 1.0", [hex: :telemetry, repo: "hexpm", optional: false]}], "hexpm", "02731fa0c2dcb03d8d21a1d941bdbbe99c2946c0db098eee31008e04c6283615"},
  "plug_cowboy": {:hex, :plug_cowboy, "2.6.1", "9a3bbfceeb65eff5f39dab529e5cd79137ac36e913c02067dba3963a26efe9b2", [:mix], [{:cowboy, "~> 2.7", [hex: :cowboy, repo: "hexpm", optional: false]}, {:cowboy_telemetry, "~> 0.3", [hex: :cowboy_telemetry, repo: "hexpm", optional: false]}, {:plug, "~> 1.14", [hex: :plug, repo: "hexpm", optional: false]}], "hexpm", "de36e1a21f451a18b790f37765db198075c25875c64834bcc82d90b309eb6613"},
  "plug_crypto": {:hex, :plug_crypto, "2.0.0", "77515cc10af06645abbfb5e6ad7a3e9714f805ae118fa1a70205f80d2d70fe73", [:mix], [], "hexpm", "53695bae57cc4e54566d993eb01074e4d894b65a3766f1c43e2c61a1b0f45ea9"},
  "ranch": {:hex, :ranch, "1.8.0", "8c7a100a139fd57f17327b6413e4167ac559fbc04ca7448e9be9057311597a1d", [:make, :rebar3], [], "hexpm", "49fbcfd3682fab1f5d109351b61257676da1a2fdbe295904176d5e521a2ddfe5"},
  "rustler": {:hex, :rustler, "0.29.1", "880f20ae3027bd7945def6cea767f5257bc926f33ff50c0d5d5a5315883c084d", [:mix], [{:jason, "~> 1.0", [hex: :jason, repo: "hexpm", optional: false]}, {:toml, "~> 0.6", [hex: :toml, repo: "hexpm", optional: false]}], "hexpm", "109497d701861bfcd26eb8f5801fe327a8eef304f56a5b63ef61151ff44ac9b6"},
  "rustler_precompiled": {:hex, :rustler_precompiled, "0.7.1", "ecadf02cc59a0eccbaed6c1937303a5827fbcf60010c541595e6d3747d3d0f9f", [:mix], [{:castore, "~> 0.1 or ~> 1.0", [hex: :castore, repo: "hexpm", optional: false]}, {:rustler, "~> 0.23", [hex: :rustler, repo: "hexpm", optional: true]}], "hexpm", "b9e4657b99a1483ea31502e1d58c464bedebe9028808eda45c3a429af4550c66"},
  "statistex": {:hex, :statistex, "1.0.0", "f3dc93f3c0c6c92e5f291704cf62b99b553253d7969e9a5fa713e5481cd858a5", [:mix], [], "hexpm", "ff9d8bee7035028ab4742ff52fc80a2aa35cece833cf5319009b52f1b5a86c27"},
  "table": {:hex, :table, "0.1.2", "87ad1125f5b70c5dea0307aa633194083eb5182ec537efc94e96af08937e14a8", [:mix], [], "hexpm", "7e99bc7efef806315c7e65640724bf165c3061cdc5d854060f74468367065029"},
  "table_rex": {:hex, :table_rex, "4.0.0", "3c613a68ebdc6d4d1e731bc973c233500974ec3993c99fcdabb210407b90959b", [:mix], [], "hexpm", "c35c4d5612ca49ebb0344ea10387da4d2afe278387d4019e4d8111e815df8f55"},
  "telemetry": {:hex, :telemetry, "1.2.1", "68fdfe8d8f05a8428483a97d7aab2f268aaff24b49e0f599faa091f1d4e7f61c", [:rebar3], [], "hexpm", "dad9ce9d8effc621708f99eac538ef1cbe05d6a874dd741de2e689c47feafed5"},
  "toml": {:hex, :toml, "0.7.0", "fbcd773caa937d0c7a02c301a1feea25612720ac3fa1ccb8bfd9d30d822911de", [:mix], [], "hexpm", "0690246a2478c1defd100b0c9b89b4ea280a22be9a7b313a8a058a2408a2fa70"},
}
